
Microsoft Visual Studio Solution File, Format Version 11.00
# Visual C# Express 2010
Project("{FAE04EC0-301F-11D3-BF4B-00C04F79EFBC}") = "Ex2", "Ex2\Ex2.csproj", "{53545F9F-F3D7-4000-B635-16F72DDADF2C}"
EndProject
Global
	GlobalSection(SolutionConfigurationPlatforms) = preSolution
		Debug|x86 = Debug|x86
		Release|x86 = Release|x86
	EndGlobalSection
	GlobalSection(ProjectConfigurationPlatforms) = postSolution
		{53545F9F-F3D7-4000-B635-16F72DDADF2C}.Debug|x86.ActiveCfg = Debug|x86
		{53545F9F-F3D7-4000-B635-16F72DDADF2C}.Debug|x86.Build.0 = Debug|x86
		{53545F9F-F3D7-4000-B635-16F72DDADF2C}.Release|x86.ActiveCfg = Release|x86
		{53545F9F-F3D7-4000-B635-16F72DDADF2C}.Release|x86.Build.0 = Release|x86
	EndGlobalSection
	GlobalSection(SolutionProperties) = preSolution
		HideSolutionNode = FALSE
	EndGlobalSection
EndGlobal
