
Microsoft Visual Studio Solution File, Format Version 11.00
# Visual C# Express 2010
Project("{FAE04EC0-301F-11D3-BF4B-00C04F79EFBC}") = "exercicios_console_3", "exercicios_console_3\exercicios_console_3.csproj", "{5B0AB021-F5B4-4491-BB45-6FB6C5DE5572}"
EndProject
Global
	GlobalSection(SolutionConfigurationPlatforms) = preSolution
		Debug|x86 = Debug|x86
		Release|x86 = Release|x86
	EndGlobalSection
	GlobalSection(ProjectConfigurationPlatforms) = postSolution
		{5B0AB021-F5B4-4491-BB45-6FB6C5DE5572}.Debug|x86.ActiveCfg = Debug|x86
		{5B0AB021-F5B4-4491-BB45-6FB6C5DE5572}.Debug|x86.Build.0 = Debug|x86
		{5B0AB021-F5B4-4491-BB45-6FB6C5DE5572}.Release|x86.ActiveCfg = Release|x86
		{5B0AB021-F5B4-4491-BB45-6FB6C5DE5572}.Release|x86.Build.0 = Release|x86
	EndGlobalSection
	GlobalSection(SolutionProperties) = preSolution
		HideSolutionNode = FALSE
	EndGlobalSection
EndGlobal
